<?xml version="1.0" encoding="utf-8"?>
<Project ToolsVersion="17.0" xmlns="http://schemas.microsoft.com/developer/msbuild/2003">
  <ItemGroup>
    <ClCompile Include="E:\pro\search\solo\server\src\main.cpp">
      <Filter>Source Files</Filter>
    </ClCompile>
    <ClCompile Include="E:\pro\search\solo\server\src\main_secure.cpp">
      <Filter>Source Files</Filter>
    </ClCompile>
    <ClCompile Include="E:\pro\search\solo\server\src\config\config.cpp">
      <Filter>Source Files</Filter>
    </ClCompile>
    <ClCompile Include="E:\pro\search\solo\server\src\utils\logger.cpp">
      <Filter>Source Files</Filter>
    </ClCompile>
    <ClCompile Include="E:\pro\search\solo\server\src\utils\file_system.cpp">
      <Filter>Source Files</Filter>
    </ClCompile>
    <ClCompile Include="E:\pro\search\solo\server\src\utils\config_encryptor.cpp">
      <Filter>Source Files</Filter>
    </ClCompile>
    <ClCompile Include="E:\pro\search\solo\server\src\database\sqlite_database.cpp">
      <Filter>Source Files</Filter>
    </ClCompile>
    <ClCompile Include="E:\pro\search\solo\server\src\database\postgresql_database.cpp">
      <Filter>Source Files</Filter>
    </ClCompile>
    <ClCompile Include="E:\pro\search\solo\server\src\database\database_factory.cpp">
      <Filter>Source Files</Filter>
    </ClCompile>
    <ClCompile Include="E:\pro\search\solo\server\src\encoder\png_encoder.cpp">
      <Filter>Source Files</Filter>
    </ClCompile>
    <ClCompile Include="E:\pro\search\solo\server\src\encoder\webp_encoder.cpp">
      <Filter>Source Files</Filter>
    </ClCompile>
    <ClCompile Include="E:\pro\search\solo\server\src\encoder\encoder_factory.cpp">
      <Filter>Source Files</Filter>
    </ClCompile>
    <ClCompile Include="E:\pro\search\solo\server\src\cache\memory_cache.cpp">
      <Filter>Source Files</Filter>
    </ClCompile>
    <ClCompile Include="E:\pro\search\solo\server\src\cache\disk_cache.cpp">
      <Filter>Source Files</Filter>
    </ClCompile>
    <ClCompile Include="E:\pro\search\solo\server\src\renderer\render_context.cpp">
      <Filter>Source Files</Filter>
    </ClCompile>
    <ClCompile Include="E:\pro\search\solo\server\src\renderer\renderer.cpp">
      <Filter>Source Files</Filter>
    </ClCompile>
    <ClCompile Include="E:\pro\search\solo\server\src\service\map_service.cpp">
      <Filter>Source Files</Filter>
    </ClCompile>
    <ClCompile Include="E:\pro\search\solo\server\src\server\http_server_secure.cpp">
      <Filter>Source Files</Filter>
    </ClCompile>
    <ClCompile Include="E:\pro\search\solo\server\src\auth\jwt_auth.cpp">
      <Filter>Source Files</Filter>
    </ClCompile>
    <ClCompile Include="E:\pro\search\solo\server\src\performance\performance_optimizer.cpp">
      <Filter>Source Files</Filter>
    </ClCompile>
  </ItemGroup>
  <ItemGroup>
    <CustomBuild Include="E:\pro\search\solo\server\CMakeLists.txt" />
  </ItemGroup>
  <ItemGroup>
    <Filter Include="Source Files">
      <UniqueIdentifier>{6981E700-EA83-3EF7-ABCF-13F631FB547E}</UniqueIdentifier>
    </Filter>
  </ItemGroup>
</Project>
