<?xml version="1.0" encoding="utf-8"?>
<Project ToolsVersion="14.0" xmlns="http://schemas.microsoft.com/developer/msbuild/2003">
  <ItemGroup>
    <ClCompile Include="F:\cycle\trae\chart\code\geom\tests\test_coordinate.cpp">
      <Filter>Source Files</Filter>
    </ClCompile>
    <ClCompile Include="F:\cycle\trae\chart\code\geom\tests\test_envelope.cpp">
      <Filter>Source Files</Filter>
    </ClCompile>
    <ClCompile Include="F:\cycle\trae\chart\code\geom\tests\test_point.cpp">
      <Filter>Source Files</Filter>
    </ClCompile>
    <ClCompile Include="F:\cycle\trae\chart\code\geom\tests\test_linestring.cpp">
      <Filter>Source Files</Filter>
    </ClCompile>
    <ClCompile Include="F:\cycle\trae\chart\code\geom\tests\test_polygon.cpp">
      <Filter>Source Files</Filter>
    </ClCompile>
    <ClCompile Include="F:\cycle\trae\chart\code\geom\tests\test_common.cpp">
      <Filter>Source Files</Filter>
    </ClCompile>
  </ItemGroup>
  <ItemGroup>
    <CustomBuild Include="F:\cycle\trae\chart\code\geom\tests\CMakeLists.txt" />
  </ItemGroup>
  <ItemGroup>
    <Filter Include="Source Files">
      <UniqueIdentifier>{A944E963-D166-32C4-9747-02BC69ECC11A}</UniqueIdentifier>
    </Filter>
  </ItemGroup>
</Project>
