<?xml version="1.0" encoding="utf-8"?>
<Project ToolsVersion="14.0" xmlns="http://schemas.microsoft.com/developer/msbuild/2003">
  <ItemGroup>
    <ClCompile Include="F:\cycle\trae\chart\code\layer\src\layer_type.cpp">
      <Filter>Source Files</Filter>
    </ClCompile>
    <ClCompile Include="F:\cycle\trae\chart\code\layer\src\datasource.cpp">
      <Filter>Source Files</Filter>
    </ClCompile>
    <ClCompile Include="F:\cycle\trae\chart\code\layer\src\driver_manager.cpp">
      <Filter>Source Files</Filter>
    </ClCompile>
    <ClCompile Include="F:\cycle\trae\chart\code\layer\src\connection_pool.cpp">
      <Filter>Source Files</Filter>
    </ClCompile>
    <ClCompile Include="F:\cycle\trae\chart\code\layer\src\thread_safe_layer.cpp">
      <Filter>Source Files</Filter>
    </ClCompile>
    <ClCompile Include="F:\cycle\trae\chart\code\layer\src\raster_layer.cpp">
      <Filter>Source Files</Filter>
    </ClCompile>
    <ClCompile Include="F:\cycle\trae\chart\code\layer\src\feature_stream.cpp">
      <Filter>Source Files</Filter>
    </ClCompile>
    <ClCompile Include="F:\cycle\trae\chart\code\layer\src\layer_group.cpp">
      <Filter>Source Files</Filter>
    </ClCompile>
    <ClCompile Include="F:\cycle\trae\chart\code\layer\src\layer_observer.cpp">
      <Filter>Source Files</Filter>
    </ClCompile>
    <ClCompile Include="F:\cycle\trae\chart\code\layer\src\layer_snapshot.cpp">
      <Filter>Source Files</Filter>
    </ClCompile>
    <ClCompile Include="F:\cycle\trae\chart\code\layer\src\memory_layer.cpp">
      <Filter>Source Files</Filter>
    </ClCompile>
    <ClCompile Include="F:\cycle\trae\chart\code\layer\src\vector_layer.cpp">
      <Filter>Source Files</Filter>
    </ClCompile>
    <ClCompile Include="F:\cycle\trae\chart\code\layer\src\geojson_layer.cpp">
      <Filter>Source Files</Filter>
    </ClCompile>
    <ClCompile Include="F:\cycle\trae\chart\code\layer\src\geopackage_layer.cpp">
      <Filter>Source Files</Filter>
    </ClCompile>
    <ClCompile Include="F:\cycle\trae\chart\code\layer\src\postgis_layer.cpp">
      <Filter>Source Files</Filter>
    </ClCompile>
    <ClCompile Include="F:\cycle\trae\chart\code\layer\src\shapefile_layer.cpp">
      <Filter>Source Files</Filter>
    </ClCompile>
    <ClCompile Include="F:\cycle\trae\chart\code\layer\src\wfs_layer.cpp">
      <Filter>Source Files</Filter>
    </ClCompile>
  </ItemGroup>
  <ItemGroup>
    <CustomBuild Include="F:\cycle\trae\chart\code\layer\CMakeLists.txt" />
  </ItemGroup>
  <ItemGroup>
    <Filter Include="Source Files">
      <UniqueIdentifier>{A944E963-D166-32C4-9747-02BC69ECC11A}</UniqueIdentifier>
    </Filter>
  </ItemGroup>
</Project>
