<?xml version="1.0" encoding="utf-8"?>
<Project ToolsVersion="14.0" xmlns="http://schemas.microsoft.com/developer/msbuild/2003">
  <ItemGroup>
    <CustomBuild Include="F:\cycle\trae\chart\code\CMakeFiles\06207ae77958122aebd63f2fa7fadc03\INSTALL_force.rule">
      <Filter>CMake Rules</Filter>
    </CustomBuild>
  </ItemGroup>
  <ItemGroup>
    <Filter Include="CMake Rules">
      <UniqueIdentifier>{4A8932B0-D151-3B52-8773-BE3F70F3E3D4}</UniqueIdentifier>
    </Filter>
  </ItemGroup>
</Project>
