<?xml version="1.0" encoding="utf-8"?>
<Project ToolsVersion="14.0" xmlns="http://schemas.microsoft.com/developer/msbuild/2003">
  <ItemGroup>
    <ClCompile Include="F:\cycle\trae\chart\code\feature\src\field_type.cpp">
      <Filter>Source Files</Filter>
    </ClCompile>
    <ClCompile Include="F:\cycle\trae\chart\code\feature\src\datetime.cpp">
      <Filter>Source Files</Filter>
    </ClCompile>
    <ClCompile Include="F:\cycle\trae\chart\code\feature\src\field_defn.cpp">
      <Filter>Source Files</Filter>
    </ClCompile>
    <ClCompile Include="F:\cycle\trae\chart\code\feature\src\geom_field_defn.cpp">
      <Filter>Source Files</Filter>
    </ClCompile>
    <ClCompile Include="F:\cycle\trae\chart\code\feature\src\feature_defn.cpp">
      <Filter>Source Files</Filter>
    </ClCompile>
    <ClCompile Include="F:\cycle\trae\chart\code\feature\src\field_value.cpp">
      <Filter>Source Files</Filter>
    </ClCompile>
    <ClCompile Include="F:\cycle\trae\chart\code\feature\src\feature.cpp">
      <Filter>Source Files</Filter>
    </ClCompile>
    <ClCompile Include="F:\cycle\trae\chart\code\feature\src\feature_guard.cpp">
      <Filter>Source Files</Filter>
    </ClCompile>
    <ClCompile Include="F:\cycle\trae\chart\code\feature\src\batch_processor.cpp">
      <Filter>Source Files</Filter>
    </ClCompile>
    <ClCompile Include="F:\cycle\trae\chart\code\feature\src\spatial_query.cpp">
      <Filter>Source Files</Filter>
    </ClCompile>
    <ClCompile Include="F:\cycle\trae\chart\code\feature\src\feature_collection.cpp">
      <Filter>Source Files</Filter>
    </ClCompile>
    <ClCompile Include="F:\cycle\trae\chart\code\feature\src\feature_iterator.cpp">
      <Filter>Source Files</Filter>
    </ClCompile>
    <ClCompile Include="F:\cycle\trae\chart\code\feature\src\geojson_converter.cpp">
      <Filter>Source Files</Filter>
    </ClCompile>
    <ClCompile Include="F:\cycle\trae\chart\code\feature\src\wkb_wkt_converter.cpp">
      <Filter>Source Files</Filter>
    </ClCompile>
  </ItemGroup>
  <ItemGroup>
    <CustomBuild Include="F:\cycle\trae\chart\code\feature\CMakeLists.txt" />
  </ItemGroup>
  <ItemGroup>
    <Filter Include="Source Files">
      <UniqueIdentifier>{A944E963-D166-32C4-9747-02BC69ECC11A}</UniqueIdentifier>
    </Filter>
  </ItemGroup>
</Project>
